// !$*UTF8*$!
{
	archiveVersion = 1;
	classes = {
	};
	objectVersion = 50;
	objects = {

/* Begin PBXBuildFile section */
		B22FD2D0261B7CD7005405F7 /* AppDelegate.swift in Sources */ = {isa = PBXBuildFile; fileRef = B22FD2CF261B7CD7005405F7 /* AppDelegate.swift */; };
		B22FD2D2261B7CD7005405F7 /* SceneDelegate.swift in Sources */ = {isa = PBXBuildFile; fileRef = B22FD2D1261B7CD7005405F7 /* SceneDelegate.swift */; };
		B22FD2D4261B7CD7005405F7 /* BirdListViewController.swift in Sources */ = {isa = PBXBuildFile; fileRef = B22FD2D3261B7CD7005405F7 /* BirdListViewController.swift */; };
		B22FD2D7261B7CD7005405F7 /* Main.storyboard in Resources */ = {isa = PBXBuildFile; fileRef = B22FD2D5261B7CD7005405F7 /* Main.storyboard */; };
		B22FD2D9261B7CD8005405F7 /* Assets.xcassets in Resources */ = {isa = PBXBuildFile; fileRef = B22FD2D8261B7CD8005405F7 /* Assets.xcassets */; };
		B22FD2DC261B7CD8005405F7 /* LaunchScreen.storyboard in Resources */ = {isa = PBXBuildFile; fileRef = B22FD2DA261B7CD8005405F7 /* LaunchScreen.storyboard */; };
		B22FD2E7261B7CD8005405F7 /* AngryBirdsTests.swift in Sources */ = {isa = PBXBuildFile; fileRef = B22FD2E6261B7CD8005405F7 /* AngryBirdsTests.swift */; };
		B22FD2F2261B7CD8005405F7 /* AngryBirdsUITests.swift in Sources */ = {isa = PBXBuildFile; fileRef = B22FD2F1261B7CD8005405F7 /* AngryBirdsUITests.swift */; };
		B2CF94E1261BA13600FB00CB /* BirdCell.swift in Sources */ = {isa = PBXBuildFile; fileRef = B2CF94E0261BA13600FB00CB /* BirdCell.swift */; };
/* End PBXBuildFile section */

/* Begin PBXContainerItemProxy section */
		B22FD2E3261B7CD8005405F7 /* PBXContainerItemProxy */ = {
			isa = PBXContainerItemProxy;
			containerPortal = B22FD2C4261B7CD7005405F7 /* Project object */;
			proxyType = 1;
			remoteGlobalIDString = B22FD2CB261B7CD7005405F7;
			remoteInfo = AngryBirds;
		};
		B22FD2EE261B7CD8005405F7 /* PBXContainerItemProxy */ = {
			isa = PBXContainerItemProxy;
			containerPortal = B22FD2C4261B7CD7005405F7 /* Project object */;
			proxyType = 1;
			remoteGlobalIDString = B22FD2CB261B7CD7005405F7;
			remoteInfo = AngryBirds;
		};
/* End PBXContainerItemProxy section */

/* Begin PBXFileReference section */
		B22FD2CC261B7CD7005405F7 /* AngryBirds.app */ = {isa = PBXFileReference; explicitFileType = wrapper.application; includeInIndex = 0; path = AngryBirds.app; sourceTree = BUILT_PRODUCTS_DIR; };
		B22FD2CF261B7CD7005405F7 /* AppDelegate.swift */ = {isa = PBXFileReference; lastKnownFileType = sourcecode.swift; path = AppDelegate.swift; sourceTree = "<group>"; };
		B22FD2D1261B7CD7005405F7 /* SceneDelegate.swift */ = {isa = PBXFileReference; lastKnownFileType = sourcecode.swift; path = SceneDelegate.swift; sourceTree = "<group>"; };
		B22FD2D3261B7CD7005405F7 /* BirdListViewController.swift */ = {isa = PBXFileReference; lastKnownFileType = sourcecode.swift; path = BirdListViewController.swift; sourceTree = "<group>"; };
		B22FD2D6261B7CD7005405F7 /* Base */ = {isa = PBXFileReference; lastKnownFileType = file.storyboard; name = Base; path = Base.lproj/Main.storyboard; sourceTree = "<group>"; };
		B22FD2D8261B7CD8005405F7 /* Assets.xcassets */ = {isa = PBXFileReference; lastKnownFileType = folder.assetcatalog; path = Assets.xcassets; sourceTree = "<group>"; };
		B22FD2DB261B7CD8005405F7 /* Base */ = {isa = PBXFileReference; lastKnownFileType = file.storyboard; name = Base; path = Base.lproj/LaunchScreen.storyboard; sourceTree = "<group>"; };
		B22FD2DD261B7CD8005405F7 /* Info.plist */ = {isa = PBXFileReference; lastKnownFileType = text.plist.xml; path = Info.plist; sourceTree = "<group>"; };
		B22FD2E2261B7CD8005405F7 /* AngryBirdsTests.xctest */ = {isa = PBXFileReference; explicitFileType = wrapper.cfbundle; includeInIndex = 0; path = AngryBirdsTests.xctest; sourceTree = BUILT_PRODUCTS_DIR; };
		B22FD2E6261B7CD8005405F7 /* AngryBirdsTests.swift */ = {isa = PBXFileReference; lastKnownFileType = sourcecode.swift; path = AngryBirdsTests.swift; sourceTree = "<group>"; };
		B22FD2E8261B7CD8005405F7 /* Info.plist */ = {isa = PBXFileReference; lastKnownFileType = text.plist.xml; path = Info.plist; sourceTree = "<group>"; };
		B22FD2ED261B7CD8005405F7 /* AngryBirdsUITests.xctest */ = {isa = PBXFileReference; explicitFileType = wrapper.cfbundle; includeInIndex = 0; path = AngryBirdsUITests.xctest; sourceTree = BUILT_PRODUCTS_DIR; };
		B22FD2F1261B7CD8005405F7 /* AngryBirdsUITests.swift */ = {isa = PBXFileReference; lastKnownFileType = sourcecode.swift; path = AngryBirdsUITests.swift; sourceTree = "<group>"; };
		B22FD2F3261B7CD8005405F7 /* Info.plist */ = {isa = PBXFileReference; lastKnownFileType = text.plist.xml; path = Info.plist; sourceTree = "<group>"; };
		B2CF94E0261BA13600FB00CB /* BirdCell.swift */ = {isa = PBXFileReference; lastKnownFileType = sourcecode.swift; path = BirdCell.swift; sourceTree = "<group>"; };
/* End PBXFileReference section */

/* Begin PBXFrameworksBuildPhase section */
		B22FD2C9261B7CD7005405F7 /* Frameworks */ = {
			isa = PBXFrameworksBuildPhase;
			buildActionMask = 2147483647;
			files = (
			);
			runOnlyForDeploymentPostprocessing = 0;
		};
		B22FD2DF261B7CD8005405F7 /* Frameworks */ = {
			isa = PBXFrameworksBuildPhase;
			buildActionMask = 2147483647;
			files = (
			);
			runOnlyForDeploymentPostprocessing = 0;
		};
		B22FD2EA261B7CD8005405F7 /* Frameworks */ = {
			isa = PBXFrameworksBuildPhase;
			buildActionMask = 2147483647;
			files = (
			);
			runOnlyForDeploymentPostprocessing = 0;
		};
/* End PBXFrameworksBuildPhase section */

/* Begin PBXGroup section */
		B22FD2C3261B7CD7005405F7 = {
			isa = PBXGroup;
			children = (
				B22FD2CE261B7CD7005405F7 /* AngryBirds */,
				B22FD2E5261B7CD8005405F7 /* AngryBirdsTests */,
				B22FD2F0261B7CD8005405F7 /* AngryBirdsUITests */,
				B22FD2CD261B7CD7005405F7 /* Products */,
			);
			sourceTree = "<group>";
		};
		B22FD2CD261B7CD7005405F7 /* Products */ = {
			isa = PBXGroup;
			children = (
				B22FD2CC261B7CD7005405F7 /* AngryBirds.app */,
				B22FD2E2261B7CD8005405F7 /* AngryBirdsTests.xctest */,
				B22FD2ED261B7CD8005405F7 /* AngryBirdsUITests.xctest */,
			);
			name = Products;
			sourceTree = "<group>";
		};
		B22FD2CE261B7CD7005405F7 /* AngryBirds */ = {
			isa = PBXGroup;
			children = (
				B22FD2CF261B7CD7005405F7 /* AppDelegate.swift */,
				B22FD2D1261B7CD7005405F7 /* SceneDelegate.swift */,
				B22FD2D3261B7CD7005405F7 /* BirdListViewController.swift */,
				B22FD2D5261B7CD7005405F7 /* Main.storyboard */,
				B2CF94E0261BA13600FB00CB /* BirdCell.swift */,
				B22FD2D8261B7CD8005405F7 /* Assets.xcassets */,
				B22FD2DA261B7CD8005405F7 /* LaunchScreen.storyboard */,
				B22FD2DD261B7CD8005405F7 /* Info.plist */,
			);
			path = AngryBirds;
			sourceTree = "<group>";
		};
		B22FD2E5261B7CD8005405F7 /* AngryBirdsTests */ = {
			isa = PBXGroup;
			children = (
				B22FD2E6261B7CD8005405F7 /* AngryBirdsTests.swift */,
				B22FD2E8261B7CD8005405F7 /* Info.plist */,
			);
			path = AngryBirdsTests;
			sourceTree = "<group>";
		};
		B22FD2F0261B7CD8005405F7 /* AngryBirdsUITests */ = {
			isa = PBXGroup;
			children = (
				B22FD2F1261B7CD8005405F7 /* AngryBirdsUITests.swift */,
				B22FD2F3261B7CD8005405F7 /* Info.plist */,
			);
			path = AngryBirdsUITests;
			sourceTree = "<group>";
		};
/* End PBXGroup section */

/* Begin PBXNativeTarget section */
		B22FD2CB261B7CD7005405F7 /* AngryBirds */ = {
			isa = PBXNativeTarget;
			buildConfigurationList = B22FD2F6261B7CD8005405F7 /* Build configuration list for PBXNativeTarget "AngryBirds" */;
			buildPhases = (
				B22FD2C8261B7CD7005405F7 /* Sources */,
				B22FD2C9261B7CD7005405F7 /* Frameworks */,
				B22FD2CA261B7CD7005405F7 /* Resources */,
			);
			buildRules = (
			);
			dependencies = (
			);
			name = AngryBirds;
			productName = AngryBirds;
			productReference = B22FD2CC261B7CD7005405F7 /* AngryBirds.app */;
			productType = "com.apple.product-type.application";
		};
		B22FD2E1261B7CD8005405F7 /* AngryBirdsTests */ = {
			isa = PBXNativeTarget;
			buildConfigurationList = B22FD2F9261B7CD8005405F7 /* Build configuration list for PBXNativeTarget "AngryBirdsTests" */;
			buildPhases = (
				B22FD2DE261B7CD8005405F7 /* Sources */,
				B22FD2DF261B7CD8005405F7 /* Frameworks */,
				B22FD2E0261B7CD8005405F7 /* Resources */,
			);
			buildRules = (
			);
			dependencies = (
				B22FD2E4261B7CD8005405F7 /* PBXTargetDependency */,
			);
			name = AngryBirdsTests;
			productName = AngryBirdsTests;
			productReference = B22FD2E2261B7CD8005405F7 /* AngryBirdsTests.xctest */;
			productType = "com.apple.product-type.bundle.unit-test";
		};
		B22FD2EC261B7CD8005405F7 /* AngryBirdsUITests */ = {
			isa = PBXNativeTarget;
			buildConfigurationList = B22FD2FC261B7CD8005405F7 /* Build configuration list for PBXNativeTarget "AngryBirdsUITests" */;
			buildPhases = (
				B22FD2E9261B7CD8005405F7 /* Sources */,
				B22FD2EA261B7CD8005405F7 /* Frameworks */,
				B22FD2EB261B7CD8005405F7 /* Resources */,
			);
			buildRules = (
			);
			dependencies = (
				B22FD2EF261B7CD8005405F7 /* PBXTargetDependency */,
			);
			name = AngryBirdsUITests;
			productName = AngryBirdsUITests;
			productReference = B22FD2ED261B7CD8005405F7 /* AngryBirdsUITests.xctest */;
			productType = "com.apple.product-type.bundle.ui-testing";
		};
/* End PBXNativeTarget section */

/* Begin PBXProject section */
		B22FD2C4261B7CD7005405F7 /* Project object */ = {
			isa = PBXProject;
			attributes = {
				LastSwiftUpdateCheck = 1240;
				LastUpgradeCheck = 1240;
				TargetAttributes = {
					B22FD2CB261B7CD7005405F7 = {
						CreatedOnToolsVersion = 12.4;
					};
					B22FD2E1261B7CD8005405F7 = {
						CreatedOnToolsVersion = 12.4;
						TestTargetID = B22FD2CB261B7CD7005405F7;
					};
					B22FD2EC261B7CD8005405F7 = {
						CreatedOnToolsVersion = 12.4;
						TestTargetID = B22FD2CB261B7CD7005405F7;
					};
				};
			};
			buildConfigurationList = B22FD2C7261B7CD7005405F7 /* Build configuration list for PBXProject "AngryBirds" */;
			compatibilityVersion = "Xcode 9.3";
			developmentRegion = en;
			hasScannedForEncodings = 0;
			knownRegions = (
				en,
				Base,
			);
			mainGroup = B22FD2C3261B7CD7005405F7;
			productRefGroup = B22FD2CD261B7CD7005405F7 /* Products */;
			projectDirPath = "";
			projectRoot = "";
			targets = (
				B22FD2CB261B7CD7005405F7 /* AngryBirds */,
				B22FD2E1261B7CD8005405F7 /* AngryBirdsTests */,
				B22FD2EC261B7CD8005405F7 /* AngryBirdsUITests */,
			);
		};
/* End PBXProject section */

/* Begin PBXResourcesBuildPhase section */
		B22FD2CA261B7CD7005405F7 /* Resources */ = {
			isa = PBXResourcesBuildPhase;
			buildActionMask = 2147483647;
			files = (
				B22FD2DC261B7CD8005405F7 /* LaunchScreen.storyboard in Resources */,
				B22FD2D9261B7CD8005405F7 /* Assets.xcassets in Resources */,
				B22FD2D7261B7CD7005405F7 /* Main.storyboard in Resources */,
			);
			runOnlyForDeploymentPostprocessing = 0;
		};
		B22FD2E0261B7CD8005405F7 /* Resources */ = {
			isa = PBXResourcesBuildPhase;
			buildActionMask = 2147483647;
			files = (
			);
			runOnlyForDeploymentPostprocessing = 0;
		};
		B22FD2EB261B7CD8005405F7 /* Resources */ = {
			isa = PBXResourcesBuildPhase;
			buildActionMask = 2147483647;
			files = (
			);
			runOnlyForDeploymentPostprocessing = 0;
		};
/* End PBXResourcesBuildPhase section */

/* Begin PBXSourcesBuildPhase section */
		B22FD2C8261B7CD7005405F7 /* Sources */ = {
			isa = PBXSourcesBuildPhase;
			buildActionMask = 2147483647;
			files = (
				B22FD2D4261B7CD7005405F7 /* BirdListViewController.swift in Sources */,
				B2CF94E1261BA13600FB00CB /* BirdCell.swift in Sources */,
				B22FD2D0261B7CD7005405F7 /* AppDelegate.swift in Sources */,
				B22FD2D2261B7CD7005405F7 /* SceneDelegate.swift in Sources */,
			);
			runOnlyForDeploymentPostprocessing = 0;
		};
		B22FD2DE261B7CD8005405F7 /* Sources */ = {
			isa = PBXSourcesBuildPhase;
			buildActionMask = 2147483647;
			files = (
				B22FD2E7261B7CD8005405F7 /* AngryBirdsTests.swift in Sources */,
			);
			runOnlyForDeploymentPostprocessing = 0;
		};
		B22FD2E9261B7CD8005405F7 /* Sources */ = {
			isa = PBXSourcesBuildPhase;
			buildActionMask = 2147483647;
			files = (
				B22FD2F2261B7CD8005405F7 /* AngryBirdsUITests.swift in Sources */,
			);
			runOnlyForDeploymentPostprocessing = 0;
		};
/* End PBXSourcesBuildPhase section */

/* Begin PBXTargetDependency section */
		B22FD2E4261B7CD8005405F7 /* PBXTargetDependency */ = {
			isa = PBXTargetDependency;
			target = B22FD2CB261B7CD7005405F7 /* AngryBirds */;
			targetProxy = B22FD2E3261B7CD8005405F7 /* PBXContainerItemProxy */;
		};
		B22FD2EF261B7CD8005405F7 /* PBXTargetDependency */ = {
			isa = PBXTargetDependency;
			target = B22FD2CB261B7CD7005405F7 /* AngryBirds */;
			targetProxy = B22FD2EE261B7CD8005405F7 /* PBXContainerItemProxy */;
		};
/* End PBXTargetDependency section */

/* Begin PBXVariantGroup section */
		B22FD2D5261B7CD7005405F7 /* Main.storyboard */ = {
			isa = PBXVariantGroup;
			children = (
				B22FD2D6261B7CD7005405F7 /* Base */,
			);
			name = Main.storyboard;
			sourceTree = "<group>";
		};
		B22FD2DA261B7CD8005405F7 /* LaunchScreen.storyboard */ = {
			isa = PBXVariantGroup;
			children = (
				B22FD2DB261B7CD8005405F7 /* Base */,
			);
			name = LaunchScreen.storyboard;
			sourceTree = "<group>";
		};
/* End PBXVariantGroup section */

/* Begin XCBuildConfiguration section */
		B22FD2F4261B7CD8005405F7 /* Debug */ = {
			isa = XCBuildConfiguration;
			buildSettings = {
				ALWAYS_SEARCH_USER_PATHS = NO;
				CLANG_ANALYZER_NONNULL = YES;
				CLANG_ANALYZER_NUMBER_OBJECT_CONVERSION = YES_AGGRESSIVE;
				CLANG_CXX_LANGUAGE_STANDARD = "gnu++14";
				CLANG_CXX_LIBRARY = "libc++";
				CLANG_ENABLE_MODULES = YES;
				CLANG_ENABLE_OBJC_ARC = YES;
				CLANG_ENABLE_OBJC_WEAK = YES;
				CLANG_WARN_BLOCK_CAPTURE_AUTORELEASING = YES;
				CLANG_WARN_BOOL_CONVERSION = YES;
				CLANG_WARN_COMMA = YES;
				CLANG_WARN_CONSTANT_CONVERSION = YES;
				CLANG_WARN_DEPRECATED_OBJC_IMPLEMENTATIONS = YES;
				CLANG_WARN_DIRECT_OBJC_ISA_USAGE = YES_ERROR;
				CLANG_WARN_DOCUMENTATION_COMMENTS = YES;
				CLANG_WARN_EMPTY_BODY = YES;
				CLANG_WARN_ENUM_CONVERSION = YES;
				CLANG_WARN_INFINITE_RECURSION = YES;
				CLANG_WARN_INT_CONVERSION = YES;
				CLANG_WARN_NON_LITERAL_NULL_CONVERSION = YES;
				CLANG_WARN_OBJC_IMPLICIT_RETAIN_SELF = YES;
				CLANG_WARN_OBJC_LITERAL_CONVERSION = YES;
				CLANG_WARN_OBJC_ROOT_CLASS = YES_ERROR;
				CLANG_WARN_QUOTED_INCLUDE_IN_FRAMEWORK_HEADER = YES;
				CLANG_WARN_RANGE_LOOP_ANALYSIS = YES;
				CLANG_WARN_STRICT_PROTOTYPES = YES;
				CLANG_WARN_SUSPICIOUS_MOVE = YES;
				CLANG_WARN_UNGUARDED_AVAILABILITY = YES_AGGRESSIVE;
				CLANG_WARN_UNREACHABLE_CODE = YES;
				CLANG_WARN__DUPLICATE_METHOD_MATCH = YES;
				COPY_PHASE_STRIP = NO;
				DEBUG_INFORMATION_FORMAT = dwarf;
				ENABLE_STRICT_OBJC_MSGSEND = YES;
				ENABLE_TESTABILITY = YES;
				GCC_C_LANGUAGE_STANDARD = gnu11;
				GCC_DYNAMIC_NO_PIC = NO;
				GCC_NO_COMMON_BLOCKS = YES;
				GCC_OPTIMIZATION_LEVEL = 0;
				GCC_PREPROCESSOR_DEFINITIONS = (
					"DEBUG=1",
					"$(inherited)",
				);
				GCC_WARN_64_TO_32_BIT_CONVERSION = YES;
				GCC_WARN_ABOUT_RETURN_TYPE = YES_ERROR;
				GCC_WARN_UNDECLARED_SELECTOR = YES;
				GCC_WARN_UNINITIALIZED_AUTOS = YES_AGGRESSIVE;
				GCC_WARN_UNUSED_FUNCTION = YES;
				GCC_WARN_UNUSED_VARIABLE = YES;
				IPHONEOS_DEPLOYMENT_TARGET = 14.4;
				MTL_ENABLE_DEBUG_INFO = INCLUDE_SOURCE;
				MTL_FAST_MATH = YES;
				ONLY_ACTIVE_ARCH = YES;
				SDKROOT = iphoneos;
				SWIFT_ACTIVE_COMPILATION_CONDITIONS = DEBUG;
				SWIFT_OPTIMIZATION_LEVEL = "-Onone";
			};
			name = Debug;
		};
		B22FD2F5261B7CD8005405F7 /* Release */ = {
			isa = XCBuildConfiguration;
			buildSettings = {
				ALWAYS_SEARCH_USER_PATHS = NO;
				CLANG_ANALYZER_NONNULL = YES;
				CLANG_ANALYZER_NUMBER_OBJECT_CONVERSION = YES_AGGRESSIVE;
				CLANG_CXX_LANGUAGE_STANDARD = "gnu++14";
				CLANG_CXX_LIBRARY = "libc++";
				CLANG_ENABLE_MODULES = YES;
				CLANG_ENABLE_OBJC_ARC = YES;
				CLANG_ENABLE_OBJC_WEAK = YES;
				CLANG_WARN_BLOCK_CAPTURE_AUTORELEASING = YES;
				CLANG_WARN_BOOL_CONVERSION = YES;
				CLANG_WARN_COMMA = YES;
				CLANG_WARN_CONSTANT_CONVERSION = YES;
				CLANG_WARN_DEPRECATED_OBJC_IMPLEMENTATIONS = YES;
				CLANG_WARN_DIRECT_OBJC_ISA_USAGE = YES_ERROR;
				CLANG_WARN_DOCUMENTATION_COMMENTS = YES;
				CLANG_WARN_EMPTY_BODY = YES;
				CLANG_WARN_ENUM_CONVERSION = YES;
				CLANG_WARN_INFINITE_RECURSION = YES;
				CLANG_WARN_INT_CONVERSION = YES;
				CLANG_WARN_NON_LITERAL_NULL_CONVERSION = YES;
				CLANG_WARN_OBJC_IMPLICIT_RETAIN_SELF = YES;
				CLANG_WARN_OBJC_LITERAL_CONVERSION = YES;
				CLANG_WARN_OBJC_ROOT_CLASS = YES_ERROR;
				CLANG_WARN_QUOTED_INCLUDE_IN_FRAMEWORK_HEADER = YES;
				CLANG_WARN_RANGE_LOOP_ANALYSIS = YES;
				CLANG_WARN_STRICT_PROTOTYPES = YES;
				CLANG_WARN_SUSPICIOUS_MOVE = YES;
				CLANG_WARN_UNGUARDED_AVAILABILITY = YES_AGGRESSIVE;
				CLANG_WARN_UNREACHABLE_CODE = YES;
				CLANG_WARN__DUPLICATE_METHOD_MATCH = YES;
				COPY_PHASE_STRIP = NO;
				DEBUG_INFORMATION_FORMAT = "dwarf-with-dsym";
				ENABLE_NS_ASSERTIONS = NO;
				ENABLE_STRICT_OBJC_MSGSEND = YES;
				GCC_C_LANGUAGE_STANDARD = gnu11;
				GCC_NO_COMMON_BLOCKS = YES;
				GCC_WARN_64_TO_32_BIT_CONVERSION = YES;
				GCC_WARN_ABOUT_RETURN_TYPE = YES_ERROR;
				GCC_WARN_UNDECLARED_SELECTOR = YES;
				GCC_WARN_UNINITIALIZED_AUTOS = YES_AGGRESSIVE;
				GCC_WARN_UNUSED_FUNCTION = YES;
				GCC_WARN_UNUSED_VARIABLE = YES;
				IPHONEOS_DEPLOYMENT_TARGET = 14.4;
				MTL_ENABLE_DEBUG_INFO = NO;
				MTL_FAST_MATH = YES;
				SDKROOT = iphoneos;
				SWIFT_COMPILATION_MODE = wholemodule;
				SWIFT_OPTIMIZATION_LEVEL = "-O";
				VALIDATE_PRODUCT = YES;
			};
			name = Release;
		};
		B22FD2F7261B7CD8005405F7 /* Debug */ = {
			isa = XCBuildConfiguration;
			buildSettings = {
				ASSETCATALOG_COMPILER_APPICON_NAME = AppIcon;
				ASSETCATALOG_COMPILER_GLOBAL_ACCENT_COLOR_NAME = AccentColor;
				CODE_SIGN_STYLE = Automatic;
				INFOPLIST_FILE = AngryBirds/Info.plist;
				LD_RUNPATH_SEARCH_PATHS = (
					"$(inherited)",
					"@executable_path/Frameworks",
				);
				PRODUCT_BUNDLE_IDENTIFIER = andrewmarione.AngryBirds;
				PRODUCT_NAME = "$(TARGET_NAME)";
				SWIFT_VERSION = 5.0;
				TARGETED_DEVICE_FAMILY = "1,2";
			};
			name = Debug;
		};
		B22FD2F8261B7CD8005405F7 /* Release */ = {
			isa = XCBuildConfiguration;
			buildSettings = {
				ASSETCATALOG_COMPILER_APPICON_NAME = AppIcon;
				ASSETCATALOG_COMPILER_GLOBAL_ACCENT_COLOR_NAME = AccentColor;
				CODE_SIGN_STYLE = Automatic;
				INFOPLIST_FILE = AngryBirds/Info.plist;
				LD_RUNPATH_SEARCH_PATHS = (
					"$(inherited)",
					"@executable_path/Frameworks",
				);
				PRODUCT_BUNDLE_IDENTIFIER = andrewmarione.AngryBirds;
				PRODUCT_NAME = "$(TARGET_NAME)";
				SWIFT_VERSION = 5.0;
				TARGETED_DEVICE_FAMILY = "1,2";
			};
			name = Release;
		};
		B22FD2FA261B7CD8005405F7 /* Debug */ = {
			isa = XCBuildConfiguration;
			buildSettings = {
				ALWAYS_EMBED_SWIFT_STANDARD_LIBRARIES = YES;
				BUNDLE_LOADER = "$(TEST_HOST)";
				CODE_SIGN_STYLE = Automatic;
				INFOPLIST_FILE = AngryBirdsTests/Info.plist;
				IPHONEOS_DEPLOYMENT_TARGET = 14.4;
				LD_RUNPATH_SEARCH_PATHS = (
					"$(inherited)",
					"@executable_path/Frameworks",
					"@loader_path/Frameworks",
				);
				PRODUCT_BUNDLE_IDENTIFIER = andrewmarione.AngryBirdsTests;
				PRODUCT_NAME = "$(TARGET_NAME)";
				SWIFT_VERSION = 5.0;
				TARGETED_DEVICE_FAMILY = "1,2";
				TEST_HOST = "$(BUILT_PRODUCTS_DIR)/AngryBirds.app/AngryBirds";
			};
			name = Debug;
		};
		B22FD2FB261B7CD8005405F7 /* Release */ = {
			isa = XCBuildConfiguration;
			buildSettings = {
				ALWAYS_EMBED_SWIFT_STANDARD_LIBRARIES = YES;
				BUNDLE_LOADER = "$(TEST_HOST)";
				CODE_SIGN_STYLE = Automatic;
				INFOPLIST_FILE = AngryBirdsTests/Info.plist;
				IPHONEOS_DEPLOYMENT_TARGET = 14.4;
				LD_RUNPATH_SEARCH_PATHS = (
					"$(inherited)",
					"@executable_path/Frameworks",
					"@loader_path/Frameworks",
				);
				PRODUCT_BUNDLE_IDENTIFIER = andrewmarione.AngryBirdsTests;
				PRODUCT_NAME = "$(TARGET_NAME)";
				SWIFT_VERSION = 5.0;
				TARGETED_DEVICE_FAMILY = "1,2";
				TEST_HOST = "$(BUILT_PRODUCTS_DIR)/AngryBirds.app/AngryBirds";
			};
			name = Release;
		};
		B22FD2FD261B7CD8005405F7 /* Debug */ = {
			isa = XCBuildConfiguration;
			buildSettings = {
				ALWAYS_EMBED_SWIFT_STANDARD_LIBRARIES = YES;
				CODE_SIGN_STYLE = Automatic;
				INFOPLIST_FILE = AngryBirdsUITests/Info.plist;
				LD_RUNPATH_SEARCH_PATHS = (
					"$(inherited)",
					"@executable_path/Frameworks",
					"@loader_path/Frameworks",
				);
				PRODUCT_BUNDLE_IDENTIFIER = andrewmarione.AngryBirdsUITests;
				PRODUCT_NAME = "$(TARGET_NAME)";
				SWIFT_VERSION = 5.0;
				TARGETED_DEVICE_FAMILY = "1,2";
				TEST_TARGET_NAME = AngryBirds;
			};
			name = Debug;
		};
		B22FD2FE261B7CD8005405F7 /* Release */ = {
			isa = XCBuildConfiguration;
			buildSettings = {
				ALWAYS_EMBED_SWIFT_STANDARD_LIBRARIES = YES;
				CODE_SIGN_STYLE = Automatic;
				INFOPLIST_FILE = AngryBirdsUITests/Info.plist;
				LD_RUNPATH_SEARCH_PATHS = (
					"$(inherited)",
					"@executable_path/Frameworks",
					"@loader_path/Frameworks",
				);
				PRODUCT_BUNDLE_IDENTIFIER = andrewmarione.AngryBirdsUITests;
				PRODUCT_NAME = "$(TARGET_NAME)";
				SWIFT_VERSION = 5.0;
				TARGETED_DEVICE_FAMILY = "1,2";
				TEST_TARGET_NAME = AngryBirds;
			};
			name = Release;
		};
/* End XCBuildConfiguration section */

/* Begin XCConfigurationList section */
		B22FD2C7261B7CD7005405F7 /* Build configuration list for PBXProject "AngryBirds" */ = {
			isa = XCConfigurationList;
			buildConfigurations = (
				B22FD2F4261B7CD8005405F7 /* Debug */,
				B22FD2F5261B7CD8005405F7 /* Release */,
			);
			defaultConfigurationIsVisible = 0;
			defaultConfigurationName = Release;
		};
		B22FD2F6261B7CD8005405F7 /* Build configuration list for PBXNativeTarget "AngryBirds" */ = {
			isa = XCConfigurationList;
			buildConfigurations = (
				B22FD2F7261B7CD8005405F7 /* Debug */,
				B22FD2F8261B7CD8005405F7 /* Release */,
			);
			defaultConfigurationIsVisible = 0;
			defaultConfigurationName = Release;
		};
		B22FD2F9261B7CD8005405F7 /* Build configuration list for PBXNativeTarget "AngryBirdsTests" */ = {
			isa = XCConfigurationList;
			buildConfigurations = (
				B22FD2FA261B7CD8005405F7 /* Debug */,
				B22FD2FB261B7CD8005405F7 /* Release */,
			);
			defaultConfigurationIsVisible = 0;
			defaultConfigurationName = Release;
		};
		B22FD2FC261B7CD8005405F7 /* Build configuration list for PBXNativeTarget "AngryBirdsUITests" */ = {
			isa = XCConfigurationList;
			buildConfigurations = (
				B22FD2FD261B7CD8005405F7 /* Debug */,
				B22FD2FE261B7CD8005405F7 /* Release */,
			);
			defaultConfigurationIsVisible = 0;
			defaultConfigurationName = Release;
		};
/* End XCConfigurationList section */
	};
	rootObject = B22FD2C4261B7CD7005405F7 /* Project object */;
}
